<?xml version="1.0" encoding="utf-8"?>
<Project ToolsVersion="4.0" xmlns="http://schemas.microsoft.com/developer/msbuild/2003">
  <ItemGroup>
    <Filter Include="Source Files">
      <UniqueIdentifier>{4FC737F1-C7A5-4376-A066-2A32D752A2FF}</UniqueIdentifier>
      <Extensions>cpp;c;cc;cxx;def;odl;idl;hpj;bat;asm;asmx</Extensions>
    </Filter>
    <Filter Include="Header Files">
      <UniqueIdentifier>{93995380-89BD-4b04-88EB-625FBE52EBFB}</UniqueIdentifier>
      <Extensions>h;hh;hpp;hxx;hm;inl;inc;ipp;xsd</Extensions>
    </Filter>
    <Filter Include="Resource Files">
      <UniqueIdentifier>{67DA6AB6-F800-4c08-8B7A-83BB121AAD01}</UniqueIdentifier>
      <Extensions>rc;ico;cur;bmp;dlg;rc2;rct;bin;rgs;gif;jpg;jpeg;jpe;resx;tiff;tif;png;wav;mfcribbon-ms</Extensions>
    </Filter>
    <Filter Include="Core">
      <UniqueIdentifier>{8e9c54cc-cee2-47c0-bd69-0c4a2054a57b}</UniqueIdentifier>
    </Filter>
    <Filter Include="Core\Auxiliary">
      <UniqueIdentifier>{324e5348-944a-4d6e-b58d-0fd82aa7ae7e}</UniqueIdentifier>
    </Filter>
    <Filter Include="Core\Auxiliary\Matherials">
      <UniqueIdentifier>{839fd2f2-cf51-4543-ae57-3aacd53cb3a6}</UniqueIdentifier>
    </Filter>
    <Filter Include="Core\Auxiliary\Matherials\Wood">
      <UniqueIdentifier>{68fd0fa0-ead1-4a56-9065-d7ffb6da30ed}</UniqueIdentifier>
    </Filter>
    <Filter Include="Core\Auxiliary\Matherials\Wood\Birch">
      <UniqueIdentifier>{11e644e3-19dc-436a-b0cb-8e8158d89317}</UniqueIdentifier>
    </Filter>
    <Filter Include="Core\Auxiliary\Matherials\Wood\Oak">
      <UniqueIdentifier>{b1bc8372-6155-487c-b703-57f33e39a02f}</UniqueIdentifier>
    </Filter>
    <Filter Include="Core\Auxiliary\Matherials\Wood\Spruce">
      <UniqueIdentifier>{ce74f0db-12e8-4ae3-96ee-7f35ba3f4193}</UniqueIdentifier>
    </Filter>
    <Filter Include="Core\Auxiliary\Matherials\Wood\Pine">
      <UniqueIdentifier>{21fd9051-e494-40c8-8900-6bb56483f68c}</UniqueIdentifier>
    </Filter>
    <Filter Include="Core\Objects">
      <UniqueIdentifier>{d8dd96bf-93ba-4674-bff7-d7d7d601769f}</UniqueIdentifier>
    </Filter>
    <Filter Include="Core\Objects\Inanimate">
      <UniqueIdentifier>{65d7e47a-8651-40ac-b74e-9ebe475c084e}</UniqueIdentifier>
    </Filter>
    <Filter Include="Core\Specifications">
      <UniqueIdentifier>{cf05389f-1b99-47f9-a2a2-8db93399c68b}</UniqueIdentifier>
    </Filter>
    <Filter Include="Core\Objects\Inanimate\Primitives">
      <UniqueIdentifier>{950c6fe3-397a-47c6-9ed0-4c4a271215be}</UniqueIdentifier>
    </Filter>
    <Filter Include="Core\Specifications\Physics">
      <UniqueIdentifier>{2499d1a2-85e9-4d92-964f-8b708ddc6e4d}</UniqueIdentifier>
    </Filter>
    <Filter Include="Core\Specifications\Physics\PhysicsData">
      <UniqueIdentifier>{dff3dd0f-c6a5-4d2a-b671-0e75e1e0807a}</UniqueIdentifier>
    </Filter>
    <Filter Include="Core\Specifications\ITextural">
      <UniqueIdentifier>{8f4a5ed5-1f32-47ad-ab26-09a15fc91c1d}</UniqueIdentifier>
    </Filter>
    <Filter Include="Core\Objects\Inanimate\Primitives\Cobblestone">
      <UniqueIdentifier>{87e31dad-d705-40ff-9272-4bed760eb3c6}</UniqueIdentifier>
    </Filter>
    <Filter Include="Core\Auxiliary\Matherials\Rock">
      <UniqueIdentifier>{0acacdbb-0d2e-485c-9c49-bf0362bb2bdb}</UniqueIdentifier>
    </Filter>
    <Filter Include="Core\Auxiliary\Matherials\Rock\Granite">
      <UniqueIdentifier>{0a62882f-accb-4ffb-a402-a55bc4253ad7}</UniqueIdentifier>
    </Filter>
    <Filter Include="Core\Specifications\IMeasurable">
      <UniqueIdentifier>{d4445661-7907-43b1-93a4-959329356467}</UniqueIdentifier>
    </Filter>
    <Filter Include="Core\Specifications\IWeighable">
      <UniqueIdentifier>{941a003e-1daa-4eb8-9dbf-13a110b29404}</UniqueIdentifier>
    </Filter>
    <Filter Include="Core\Specifications\IDensable">
      <UniqueIdentifier>{c5ab585f-8230-46bc-8c5f-bb0e78c0c07b}</UniqueIdentifier>
    </Filter>
  </ItemGroup>
  <ItemGroup>
    <ClCompile Include="main.cpp">
      <Filter>Source Files</Filter>
    </ClCompile>
    <ClCompile Include="stdafx.cpp">
      <Filter>Resource Files</Filter>
    </ClCompile>
    <ClCompile Include="Material.cpp">
      <Filter>Core\Auxiliary\Matherials</Filter>
    </ClCompile>
    <ClCompile Include="Wood.cpp">
      <Filter>Core\Auxiliary\Matherials\Wood</Filter>
    </ClCompile>
    <ClCompile Include="Birch.cpp">
      <Filter>Core\Auxiliary\Matherials\Wood\Birch</Filter>
    </ClCompile>
    <ClCompile Include="Oak.cpp">
      <Filter>Core\Auxiliary\Matherials\Wood\Oak</Filter>
    </ClCompile>
    <ClCompile Include="Spruce.cpp">
      <Filter>Core\Auxiliary\Matherials\Wood\Spruce</Filter>
    </ClCompile>
    <ClCompile Include="Pine.cpp">
      <Filter>Core\Auxiliary\Matherials\Wood\Pine</Filter>
    </ClCompile>
    <ClCompile Include="IThing.cpp">
      <Filter>Core\Objects</Filter>
    </ClCompile>
    <ClCompile Include="PhysicsData.cpp">
      <Filter>Core\Specifications\Physics\PhysicsData</Filter>
    </ClCompile>
    <ClCompile Include="ITextural.cpp">
      <Filter>Core\Specifications\ITextural</Filter>
    </ClCompile>
    <ClCompile Include="Cobblestone.cpp">
      <Filter>Core\Objects\Inanimate\Primitives\Cobblestone</Filter>
    </ClCompile>
    <ClCompile Include="Rock.cpp">
      <Filter>Core\Auxiliary\Matherials\Rock</Filter>
    </ClCompile>
    <ClCompile Include="Granite.cpp">
      <Filter>Core\Auxiliary\Matherials\Rock\Granite</Filter>
    </ClCompile>
    <ClCompile Include="IWeighable.cpp">
      <Filter>Core\Specifications\IWeighable</Filter>
    </ClCompile>
    <ClCompile Include="IMeasurable.cpp">
      <Filter>Core\Specifications\IMeasurable</Filter>
    </ClCompile>
    <ClCompile Include="IDensable.cpp">
      <Filter>Core\Specifications\IDensable</Filter>
    </ClCompile>
  </ItemGroup>
  <ItemGroup>
    <ClInclude Include="stdafx.h">
      <Filter>Resource Files</Filter>
    </ClInclude>
    <ClInclude Include="Material.h">
      <Filter>Core\Auxiliary\Matherials</Filter>
    </ClInclude>
    <ClInclude Include="Wood.h">
      <Filter>Core\Auxiliary\Matherials\Wood</Filter>
    </ClInclude>
    <ClInclude Include="Birch.h">
      <Filter>Core\Auxiliary\Matherials\Wood\Birch</Filter>
    </ClInclude>
    <ClInclude Include="Oak.h">
      <Filter>Core\Auxiliary\Matherials\Wood\Oak</Filter>
    </ClInclude>
    <ClInclude Include="Spruce.h">
      <Filter>Core\Auxiliary\Matherials\Wood\Spruce</Filter>
    </ClInclude>
    <ClInclude Include="Pine.h">
      <Filter>Core\Auxiliary\Matherials\Wood\Pine</Filter>
    </ClInclude>
    <ClInclude Include="IThing.h">
      <Filter>Core\Objects</Filter>
    </ClInclude>
    <ClInclude Include="PhysicsData.h">
      <Filter>Core\Specifications\Physics\PhysicsData</Filter>
    </ClInclude>
    <ClInclude Include="ITextural.h">
      <Filter>Core\Specifications\ITextural</Filter>
    </ClInclude>
    <ClInclude Include="Cobblestone.h">
      <Filter>Core\Objects\Inanimate\Primitives\Cobblestone</Filter>
    </ClInclude>
    <ClInclude Include="Rock.h">
      <Filter>Core\Auxiliary\Matherials\Rock</Filter>
    </ClInclude>
    <ClInclude Include="Granite.h">
      <Filter>Core\Auxiliary\Matherials\Rock\Granite</Filter>
    </ClInclude>
    <ClInclude Include="IMeasurable.h">
      <Filter>Core\Specifications\IMeasurable</Filter>
    </ClInclude>
    <ClInclude Include="IWeighable.h">
      <Filter>Core\Specifications\IWeighable</Filter>
    </ClInclude>
    <ClInclude Include="IDensable.h">
      <Filter>Core\Specifications\IDensable</Filter>
    </ClInclude>
  </ItemGroup>
</Project>